
Microsoft Visual Studio Solution File, Format Version 10.00
# Visual Studio 2008
Project("{2150E333-8FDC-42A3-9474-1A3956D46DE8}") = "Documents", "Documents", "{46AE8518-2655-44A5-A45E-E6E70C3D71DB}"
	ProjectSection(SolutionItems) = preProject
		Documents\ReadMe.txt = Documents\ReadMe.txt
	EndProjectSection
EndProject
Project("{2150E333-8FDC-42A3-9474-1A3956D46DE8}") = "Source", "Source", "{A19BF861-8908-4277-A8BE-784B9D26011C}"
EndProject
Project("{8BC9CEB8-8B4A-11D0-8D11-00A0C91BC942}") = "FlatTracker", "Source\FlatTracker\FlatTracker.vcproj", "{BB6C350B-1CA7-4B80-B5C5-3F7BF36F2A08}"
	ProjectSection(ProjectDependencies) = postProject
		{678D560A-5987-40BD-BF03-B93ED716130D} = {678D560A-5987-40BD-BF03-B93ED716130D}
		{81874A1D-24AD-4F8B-9BED-4DFC0D372602} = {81874A1D-24AD-4F8B-9BED-4DFC0D372602}
		{A62C921E-AC7E-42AF-A948-F5CFC161F1F0} = {A62C921E-AC7E-42AF-A948-F5CFC161F1F0}
		{3D5ACF3F-CCD8-486C-A778-6D7EDA99F5A3} = {3D5ACF3F-CCD8-486C-A778-6D7EDA99F5A3}
		{00790645-A49F-4FF6-973D-6374458F3AC9} = {00790645-A49F-4FF6-973D-6374458F3AC9}
		{74E33448-9886-41D5-809F-678C8DF5E5B5} = {74E33448-9886-41D5-809F-678C8DF5E5B5}
		{6086CC55-9DB1-41F2-BE83-39B2FFF864AE} = {6086CC55-9DB1-41F2-BE83-39B2FFF864AE}
		{54CFFD55-5E4B-46BE-8D2A-15A02A241CB7} = {54CFFD55-5E4B-46BE-8D2A-15A02A241CB7}
		{E672A56B-AB23-4138-829D-AA792618B994} = {E672A56B-AB23-4138-829D-AA792618B994}
		{6C7C5D71-217A-417A-9B1D-FA9876454A5B} = {6C7C5D71-217A-417A-9B1D-FA9876454A5B}
		{6CCC4E7C-C347-46B4-8C85-934E7282CA62} = {6CCC4E7C-C347-46B4-8C85-934E7282CA62}
		{83C9A79D-0D35-4463-BD82-14B874C4A45D} = {83C9A79D-0D35-4463-BD82-14B874C4A45D}
		{4898C3A4-AC65-4E73-9218-81B011F8B78B} = {4898C3A4-AC65-4E73-9218-81B011F8B78B}
		{18F064A6-DF5F-4E6B-8A98-21C508CA982C} = {18F064A6-DF5F-4E6B-8A98-21C508CA982C}
		{48C9F6A9-E4AC-4630-8B29-0AD9778C366C} = {48C9F6A9-E4AC-4630-8B29-0AD9778C366C}
		{F1EC01C7-C056-410B-A564-777D73A9AEE8} = {F1EC01C7-C056-410B-A564-777D73A9AEE8}
		{E41651EC-F002-4899-B2BA-717300BF024D} = {E41651EC-F002-4899-B2BA-717300BF024D}
		{533C1BF8-98BB-49C3-8034-8814456DDE47} = {533C1BF8-98BB-49C3-8034-8814456DDE47}
		{A476E9FA-45BD-4C0B-8B8D-81598959140A} = {A476E9FA-45BD-4C0B-8B8D-81598959140A}
		{AF25C1FE-B9AE-49CC-87D1-6A10EBFE4519} = {AF25C1FE-B9AE-49CC-87D1-6A10EBFE4519}
	EndProjectSection
EndProject
Project("{2150E333-8FDC-42A3-9474-1A3956D46DE8}") = "Supports", "Supports", "{869E478E-5F6F-40BF-AA03-4AAF34640B98}"
EndProject
Project("{8BC9CEB8-8B4A-11D0-8D11-00A0C91BC942}") = "apr", "Supports\apr.vcproj", "{18F064A6-DF5F-4E6B-8A98-21C508CA982C}"
EndProject
Project("{8BC9CEB8-8B4A-11D0-8D11-00A0C91BC942}") = "apriconv", "Supports\apriconv.vcproj", "{3D5ACF3F-CCD8-486C-A778-6D7EDA99F5A3}"
	ProjectSection(ProjectDependencies) = postProject
		{18F064A6-DF5F-4E6B-8A98-21C508CA982C} = {18F064A6-DF5F-4E6B-8A98-21C508CA982C}
	EndProjectSection
EndProject
Project("{8BC9CEB8-8B4A-11D0-8D11-00A0C91BC942}") = "aprutil", "Supports\aprutil.vcproj", "{48C9F6A9-E4AC-4630-8B29-0AD9778C366C}"
	ProjectSection(ProjectDependencies) = postProject
		{3D5ACF3F-CCD8-486C-A778-6D7EDA99F5A3} = {3D5ACF3F-CCD8-486C-A778-6D7EDA99F5A3}
		{18F064A6-DF5F-4E6B-8A98-21C508CA982C} = {18F064A6-DF5F-4E6B-8A98-21C508CA982C}
	EndProjectSection
EndProject
Project("{8BC9CEB8-8B4A-11D0-8D11-00A0C91BC942}") = "expat", "Supports\expat.vcproj", "{E672A56B-AB23-4138-829D-AA792618B994}"
	ProjectSection(ProjectDependencies) = postProject
		{48C9F6A9-E4AC-4630-8B29-0AD9778C366C} = {48C9F6A9-E4AC-4630-8B29-0AD9778C366C}
	EndProjectSection
EndProject
Project("{8BC9CEB8-8B4A-11D0-8D11-00A0C91BC942}") = "zlib", "Supports\zlib.vcproj", "{74E33448-9886-41D5-809F-678C8DF5E5B5}"
EndProject
Project("{8BC9CEB8-8B4A-11D0-8D11-00A0C91BC942}") = "openssl", "Supports\openssl.vcproj", "{81874A1D-24AD-4F8B-9BED-4DFC0D372602}"
EndProject
Project("{8BC9CEB8-8B4A-11D0-8D11-00A0C91BC942}") = "serf", "Supports\serf.vcproj", "{F1EC01C7-C056-410B-A564-777D73A9AEE8}"
	ProjectSection(ProjectDependencies) = postProject
		{81874A1D-24AD-4F8B-9BED-4DFC0D372602} = {81874A1D-24AD-4F8B-9BED-4DFC0D372602}
		{3D5ACF3F-CCD8-486C-A778-6D7EDA99F5A3} = {3D5ACF3F-CCD8-486C-A778-6D7EDA99F5A3}
		{E672A56B-AB23-4138-829D-AA792618B994} = {E672A56B-AB23-4138-829D-AA792618B994}
		{18F064A6-DF5F-4E6B-8A98-21C508CA982C} = {18F064A6-DF5F-4E6B-8A98-21C508CA982C}
		{48C9F6A9-E4AC-4630-8B29-0AD9778C366C} = {48C9F6A9-E4AC-4630-8B29-0AD9778C366C}
	EndProjectSection
EndProject
Project("{8BC9CEB8-8B4A-11D0-8D11-00A0C91BC942}") = "libsvn_client", "Supports\libsvn_client.vcproj", "{6CCC4E7C-C347-46B4-8C85-934E7282CA62}"
	ProjectSection(ProjectDependencies) = postProject
		{3D5ACF3F-CCD8-486C-A778-6D7EDA99F5A3} = {3D5ACF3F-CCD8-486C-A778-6D7EDA99F5A3}
		{E672A56B-AB23-4138-829D-AA792618B994} = {E672A56B-AB23-4138-829D-AA792618B994}
		{18F064A6-DF5F-4E6B-8A98-21C508CA982C} = {18F064A6-DF5F-4E6B-8A98-21C508CA982C}
		{48C9F6A9-E4AC-4630-8B29-0AD9778C366C} = {48C9F6A9-E4AC-4630-8B29-0AD9778C366C}
	EndProjectSection
EndProject
Project("{8BC9CEB8-8B4A-11D0-8D11-00A0C91BC942}") = "libsvn_delta", "Supports\libsvn_delta.vcproj", "{A476E9FA-45BD-4C0B-8B8D-81598959140A}"
	ProjectSection(ProjectDependencies) = postProject
		{3D5ACF3F-CCD8-486C-A778-6D7EDA99F5A3} = {3D5ACF3F-CCD8-486C-A778-6D7EDA99F5A3}
		{74E33448-9886-41D5-809F-678C8DF5E5B5} = {74E33448-9886-41D5-809F-678C8DF5E5B5}
		{E672A56B-AB23-4138-829D-AA792618B994} = {E672A56B-AB23-4138-829D-AA792618B994}
		{6CCC4E7C-C347-46B4-8C85-934E7282CA62} = {6CCC4E7C-C347-46B4-8C85-934E7282CA62}
		{18F064A6-DF5F-4E6B-8A98-21C508CA982C} = {18F064A6-DF5F-4E6B-8A98-21C508CA982C}
		{48C9F6A9-E4AC-4630-8B29-0AD9778C366C} = {48C9F6A9-E4AC-4630-8B29-0AD9778C366C}
	EndProjectSection
EndProject
Project("{8BC9CEB8-8B4A-11D0-8D11-00A0C91BC942}") = "libsvn_diff", "Supports\libsvn_diff.vcproj", "{6C7C5D71-217A-417A-9B1D-FA9876454A5B}"
	ProjectSection(ProjectDependencies) = postProject
		{3D5ACF3F-CCD8-486C-A778-6D7EDA99F5A3} = {3D5ACF3F-CCD8-486C-A778-6D7EDA99F5A3}
		{E672A56B-AB23-4138-829D-AA792618B994} = {E672A56B-AB23-4138-829D-AA792618B994}
		{6CCC4E7C-C347-46B4-8C85-934E7282CA62} = {6CCC4E7C-C347-46B4-8C85-934E7282CA62}
		{18F064A6-DF5F-4E6B-8A98-21C508CA982C} = {18F064A6-DF5F-4E6B-8A98-21C508CA982C}
		{48C9F6A9-E4AC-4630-8B29-0AD9778C366C} = {48C9F6A9-E4AC-4630-8B29-0AD9778C366C}
	EndProjectSection
EndProject
Project("{8BC9CEB8-8B4A-11D0-8D11-00A0C91BC942}") = "libsvn_fs", "Supports\libsvn_fs.vcproj", "{AF25C1FE-B9AE-49CC-87D1-6A10EBFE4519}"
	ProjectSection(ProjectDependencies) = postProject
		{3D5ACF3F-CCD8-486C-A778-6D7EDA99F5A3} = {3D5ACF3F-CCD8-486C-A778-6D7EDA99F5A3}
		{E672A56B-AB23-4138-829D-AA792618B994} = {E672A56B-AB23-4138-829D-AA792618B994}
		{6CCC4E7C-C347-46B4-8C85-934E7282CA62} = {6CCC4E7C-C347-46B4-8C85-934E7282CA62}
		{18F064A6-DF5F-4E6B-8A98-21C508CA982C} = {18F064A6-DF5F-4E6B-8A98-21C508CA982C}
		{48C9F6A9-E4AC-4630-8B29-0AD9778C366C} = {48C9F6A9-E4AC-4630-8B29-0AD9778C366C}
	EndProjectSection
EndProject
Project("{8BC9CEB8-8B4A-11D0-8D11-00A0C91BC942}") = "libsvn_fs_fs", "Supports\libsvn_fs_fs.vcproj", "{678D560A-5987-40BD-BF03-B93ED716130D}"
	ProjectSection(ProjectDependencies) = postProject
		{3D5ACF3F-CCD8-486C-A778-6D7EDA99F5A3} = {3D5ACF3F-CCD8-486C-A778-6D7EDA99F5A3}
		{E672A56B-AB23-4138-829D-AA792618B994} = {E672A56B-AB23-4138-829D-AA792618B994}
		{6CCC4E7C-C347-46B4-8C85-934E7282CA62} = {6CCC4E7C-C347-46B4-8C85-934E7282CA62}
		{18F064A6-DF5F-4E6B-8A98-21C508CA982C} = {18F064A6-DF5F-4E6B-8A98-21C508CA982C}
		{48C9F6A9-E4AC-4630-8B29-0AD9778C366C} = {48C9F6A9-E4AC-4630-8B29-0AD9778C366C}
	EndProjectSection
EndProject
Project("{8BC9CEB8-8B4A-11D0-8D11-00A0C91BC942}") = "libsvn_fs_util", "Supports\libsvn_fs_util.vcproj", "{A62C921E-AC7E-42AF-A948-F5CFC161F1F0}"
	ProjectSection(ProjectDependencies) = postProject
		{3D5ACF3F-CCD8-486C-A778-6D7EDA99F5A3} = {3D5ACF3F-CCD8-486C-A778-6D7EDA99F5A3}
		{E672A56B-AB23-4138-829D-AA792618B994} = {E672A56B-AB23-4138-829D-AA792618B994}
		{6CCC4E7C-C347-46B4-8C85-934E7282CA62} = {6CCC4E7C-C347-46B4-8C85-934E7282CA62}
		{18F064A6-DF5F-4E6B-8A98-21C508CA982C} = {18F064A6-DF5F-4E6B-8A98-21C508CA982C}
		{48C9F6A9-E4AC-4630-8B29-0AD9778C366C} = {48C9F6A9-E4AC-4630-8B29-0AD9778C366C}
	EndProjectSection
EndProject
Project("{8BC9CEB8-8B4A-11D0-8D11-00A0C91BC942}") = "libsvn_ra", "Supports\libsvn_ra.vcproj", "{533C1BF8-98BB-49C3-8034-8814456DDE47}"
	ProjectSection(ProjectDependencies) = postProject
		{3D5ACF3F-CCD8-486C-A778-6D7EDA99F5A3} = {3D5ACF3F-CCD8-486C-A778-6D7EDA99F5A3}
		{E672A56B-AB23-4138-829D-AA792618B994} = {E672A56B-AB23-4138-829D-AA792618B994}
		{6CCC4E7C-C347-46B4-8C85-934E7282CA62} = {6CCC4E7C-C347-46B4-8C85-934E7282CA62}
		{18F064A6-DF5F-4E6B-8A98-21C508CA982C} = {18F064A6-DF5F-4E6B-8A98-21C508CA982C}
		{48C9F6A9-E4AC-4630-8B29-0AD9778C366C} = {48C9F6A9-E4AC-4630-8B29-0AD9778C366C}
	EndProjectSection
EndProject
Project("{8BC9CEB8-8B4A-11D0-8D11-00A0C91BC942}") = "libsvn_ra_local", "Supports\libsvn_ra_local.vcproj", "{4898C3A4-AC65-4E73-9218-81B011F8B78B}"
	ProjectSection(ProjectDependencies) = postProject
		{3D5ACF3F-CCD8-486C-A778-6D7EDA99F5A3} = {3D5ACF3F-CCD8-486C-A778-6D7EDA99F5A3}
		{E672A56B-AB23-4138-829D-AA792618B994} = {E672A56B-AB23-4138-829D-AA792618B994}
		{6CCC4E7C-C347-46B4-8C85-934E7282CA62} = {6CCC4E7C-C347-46B4-8C85-934E7282CA62}
		{18F064A6-DF5F-4E6B-8A98-21C508CA982C} = {18F064A6-DF5F-4E6B-8A98-21C508CA982C}
		{48C9F6A9-E4AC-4630-8B29-0AD9778C366C} = {48C9F6A9-E4AC-4630-8B29-0AD9778C366C}
	EndProjectSection
EndProject
Project("{8BC9CEB8-8B4A-11D0-8D11-00A0C91BC942}") = "libsvn_ra_serf", "Supports\libsvn_ra_serf.vcproj", "{E41651EC-F002-4899-B2BA-717300BF024D}"
	ProjectSection(ProjectDependencies) = postProject
		{3D5ACF3F-CCD8-486C-A778-6D7EDA99F5A3} = {3D5ACF3F-CCD8-486C-A778-6D7EDA99F5A3}
		{E672A56B-AB23-4138-829D-AA792618B994} = {E672A56B-AB23-4138-829D-AA792618B994}
		{6CCC4E7C-C347-46B4-8C85-934E7282CA62} = {6CCC4E7C-C347-46B4-8C85-934E7282CA62}
		{18F064A6-DF5F-4E6B-8A98-21C508CA982C} = {18F064A6-DF5F-4E6B-8A98-21C508CA982C}
		{48C9F6A9-E4AC-4630-8B29-0AD9778C366C} = {48C9F6A9-E4AC-4630-8B29-0AD9778C366C}
		{F1EC01C7-C056-410B-A564-777D73A9AEE8} = {F1EC01C7-C056-410B-A564-777D73A9AEE8}
	EndProjectSection
EndProject
Project("{8BC9CEB8-8B4A-11D0-8D11-00A0C91BC942}") = "libsvn_ra_svn", "Supports\libsvn_ra_svn.vcproj", "{00790645-A49F-4FF6-973D-6374458F3AC9}"
	ProjectSection(ProjectDependencies) = postProject
		{3D5ACF3F-CCD8-486C-A778-6D7EDA99F5A3} = {3D5ACF3F-CCD8-486C-A778-6D7EDA99F5A3}
		{E672A56B-AB23-4138-829D-AA792618B994} = {E672A56B-AB23-4138-829D-AA792618B994}
		{6CCC4E7C-C347-46B4-8C85-934E7282CA62} = {6CCC4E7C-C347-46B4-8C85-934E7282CA62}
		{18F064A6-DF5F-4E6B-8A98-21C508CA982C} = {18F064A6-DF5F-4E6B-8A98-21C508CA982C}
		{48C9F6A9-E4AC-4630-8B29-0AD9778C366C} = {48C9F6A9-E4AC-4630-8B29-0AD9778C366C}
	EndProjectSection
EndProject
Project("{8BC9CEB8-8B4A-11D0-8D11-00A0C91BC942}") = "libsvn_repos", "Supports\libsvn_repos.vcproj", "{54CFFD55-5E4B-46BE-8D2A-15A02A241CB7}"
	ProjectSection(ProjectDependencies) = postProject
		{3D5ACF3F-CCD8-486C-A778-6D7EDA99F5A3} = {3D5ACF3F-CCD8-486C-A778-6D7EDA99F5A3}
		{E672A56B-AB23-4138-829D-AA792618B994} = {E672A56B-AB23-4138-829D-AA792618B994}
		{6CCC4E7C-C347-46B4-8C85-934E7282CA62} = {6CCC4E7C-C347-46B4-8C85-934E7282CA62}
		{18F064A6-DF5F-4E6B-8A98-21C508CA982C} = {18F064A6-DF5F-4E6B-8A98-21C508CA982C}
		{48C9F6A9-E4AC-4630-8B29-0AD9778C366C} = {48C9F6A9-E4AC-4630-8B29-0AD9778C366C}
	EndProjectSection
EndProject
Project("{8BC9CEB8-8B4A-11D0-8D11-00A0C91BC942}") = "libsvn_subr", "Supports\libsvn_subr.vcproj", "{83C9A79D-0D35-4463-BD82-14B874C4A45D}"
	ProjectSection(ProjectDependencies) = postProject
		{3D5ACF3F-CCD8-486C-A778-6D7EDA99F5A3} = {3D5ACF3F-CCD8-486C-A778-6D7EDA99F5A3}
		{74E33448-9886-41D5-809F-678C8DF5E5B5} = {74E33448-9886-41D5-809F-678C8DF5E5B5}
		{E672A56B-AB23-4138-829D-AA792618B994} = {E672A56B-AB23-4138-829D-AA792618B994}
		{6CCC4E7C-C347-46B4-8C85-934E7282CA62} = {6CCC4E7C-C347-46B4-8C85-934E7282CA62}
		{18F064A6-DF5F-4E6B-8A98-21C508CA982C} = {18F064A6-DF5F-4E6B-8A98-21C508CA982C}
		{48C9F6A9-E4AC-4630-8B29-0AD9778C366C} = {48C9F6A9-E4AC-4630-8B29-0AD9778C366C}
	EndProjectSection
EndProject
Project("{8BC9CEB8-8B4A-11D0-8D11-00A0C91BC942}") = "libsvn_wc", "Supports\libsvn_wc.vcproj", "{6086CC55-9DB1-41F2-BE83-39B2FFF864AE}"
	ProjectSection(ProjectDependencies) = postProject
		{3D5ACF3F-CCD8-486C-A778-6D7EDA99F5A3} = {3D5ACF3F-CCD8-486C-A778-6D7EDA99F5A3}
		{E672A56B-AB23-4138-829D-AA792618B994} = {E672A56B-AB23-4138-829D-AA792618B994}
		{6CCC4E7C-C347-46B4-8C85-934E7282CA62} = {6CCC4E7C-C347-46B4-8C85-934E7282CA62}
		{18F064A6-DF5F-4E6B-8A98-21C508CA982C} = {18F064A6-DF5F-4E6B-8A98-21C508CA982C}
		{48C9F6A9-E4AC-4630-8B29-0AD9778C366C} = {48C9F6A9-E4AC-4630-8B29-0AD9778C366C}
	EndProjectSection
EndProject
Global
	GlobalSection(SolutionConfigurationPlatforms) = preSolution
		Debug|Win32 = Debug|Win32
		Release|Win32 = Release|Win32
	EndGlobalSection
	GlobalSection(ProjectConfigurationPlatforms) = postSolution
		{BB6C350B-1CA7-4B80-B5C5-3F7BF36F2A08}.Debug|Win32.ActiveCfg = Debug|Win32
		{BB6C350B-1CA7-4B80-B5C5-3F7BF36F2A08}.Debug|Win32.Build.0 = Debug|Win32
		{BB6C350B-1CA7-4B80-B5C5-3F7BF36F2A08}.Release|Win32.ActiveCfg = Release|Win32
		{BB6C350B-1CA7-4B80-B5C5-3F7BF36F2A08}.Release|Win32.Build.0 = Release|Win32
		{18F064A6-DF5F-4E6B-8A98-21C508CA982C}.Debug|Win32.ActiveCfg = Debug|Win32
		{18F064A6-DF5F-4E6B-8A98-21C508CA982C}.Debug|Win32.Build.0 = Debug|Win32
		{18F064A6-DF5F-4E6B-8A98-21C508CA982C}.Release|Win32.ActiveCfg = Release|Win32
		{18F064A6-DF5F-4E6B-8A98-21C508CA982C}.Release|Win32.Build.0 = Release|Win32
		{3D5ACF3F-CCD8-486C-A778-6D7EDA99F5A3}.Debug|Win32.ActiveCfg = Debug|Win32
		{3D5ACF3F-CCD8-486C-A778-6D7EDA99F5A3}.Debug|Win32.Build.0 = Debug|Win32
		{3D5ACF3F-CCD8-486C-A778-6D7EDA99F5A3}.Release|Win32.ActiveCfg = Release|Win32
		{3D5ACF3F-CCD8-486C-A778-6D7EDA99F5A3}.Release|Win32.Build.0 = Release|Win32
		{48C9F6A9-E4AC-4630-8B29-0AD9778C366C}.Debug|Win32.ActiveCfg = Debug|Win32
		{48C9F6A9-E4AC-4630-8B29-0AD9778C366C}.Debug|Win32.Build.0 = Debug|Win32
		{48C9F6A9-E4AC-4630-8B29-0AD9778C366C}.Release|Win32.ActiveCfg = Release|Win32
		{48C9F6A9-E4AC-4630-8B29-0AD9778C366C}.Release|Win32.Build.0 = Release|Win32
		{E672A56B-AB23-4138-829D-AA792618B994}.Debug|Win32.ActiveCfg = Debug|Win32
		{E672A56B-AB23-4138-829D-AA792618B994}.Debug|Win32.Build.0 = Debug|Win32
		{E672A56B-AB23-4138-829D-AA792618B994}.Release|Win32.ActiveCfg = Release|Win32
		{E672A56B-AB23-4138-829D-AA792618B994}.Release|Win32.Build.0 = Release|Win32
		{74E33448-9886-41D5-809F-678C8DF5E5B5}.Debug|Win32.ActiveCfg = Debug|Win32
		{74E33448-9886-41D5-809F-678C8DF5E5B5}.Debug|Win32.Build.0 = Debug|Win32
		{74E33448-9886-41D5-809F-678C8DF5E5B5}.Release|Win32.ActiveCfg = Release|Win32
		{74E33448-9886-41D5-809F-678C8DF5E5B5}.Release|Win32.Build.0 = Release|Win32
		{81874A1D-24AD-4F8B-9BED-4DFC0D372602}.Debug|Win32.ActiveCfg = Debug|Win32
		{81874A1D-24AD-4F8B-9BED-4DFC0D372602}.Debug|Win32.Build.0 = Debug|Win32
		{81874A1D-24AD-4F8B-9BED-4DFC0D372602}.Release|Win32.ActiveCfg = Release|Win32
		{81874A1D-24AD-4F8B-9BED-4DFC0D372602}.Release|Win32.Build.0 = Release|Win32
		{F1EC01C7-C056-410B-A564-777D73A9AEE8}.Debug|Win32.ActiveCfg = Debug|Win32
		{F1EC01C7-C056-410B-A564-777D73A9AEE8}.Debug|Win32.Build.0 = Debug|Win32
		{F1EC01C7-C056-410B-A564-777D73A9AEE8}.Release|Win32.ActiveCfg = Release|Win32
		{F1EC01C7-C056-410B-A564-777D73A9AEE8}.Release|Win32.Build.0 = Release|Win32
		{6CCC4E7C-C347-46B4-8C85-934E7282CA62}.Debug|Win32.ActiveCfg = Debug|Win32
		{6CCC4E7C-C347-46B4-8C85-934E7282CA62}.Debug|Win32.Build.0 = Debug|Win32
		{6CCC4E7C-C347-46B4-8C85-934E7282CA62}.Release|Win32.ActiveCfg = Release|Win32
		{6CCC4E7C-C347-46B4-8C85-934E7282CA62}.Release|Win32.Build.0 = Release|Win32
		{A476E9FA-45BD-4C0B-8B8D-81598959140A}.Debug|Win32.ActiveCfg = Debug|Win32
		{A476E9FA-45BD-4C0B-8B8D-81598959140A}.Debug|Win32.Build.0 = Debug|Win32
		{A476E9FA-45BD-4C0B-8B8D-81598959140A}.Release|Win32.ActiveCfg = Release|Win32
		{A476E9FA-45BD-4C0B-8B8D-81598959140A}.Release|Win32.Build.0 = Release|Win32
		{6C7C5D71-217A-417A-9B1D-FA9876454A5B}.Debug|Win32.ActiveCfg = Debug|Win32
		{6C7C5D71-217A-417A-9B1D-FA9876454A5B}.Debug|Win32.Build.0 = Debug|Win32
		{6C7C5D71-217A-417A-9B1D-FA9876454A5B}.Release|Win32.ActiveCfg = Release|Win32
		{6C7C5D71-217A-417A-9B1D-FA9876454A5B}.Release|Win32.Build.0 = Release|Win32
		{AF25C1FE-B9AE-49CC-87D1-6A10EBFE4519}.Debug|Win32.ActiveCfg = Debug|Win32
		{AF25C1FE-B9AE-49CC-87D1-6A10EBFE4519}.Debug|Win32.Build.0 = Debug|Win32
		{AF25C1FE-B9AE-49CC-87D1-6A10EBFE4519}.Release|Win32.ActiveCfg = Release|Win32
		{AF25C1FE-B9AE-49CC-87D1-6A10EBFE4519}.Release|Win32.Build.0 = Release|Win32
		{678D560A-5987-40BD-BF03-B93ED716130D}.Debug|Win32.ActiveCfg = Debug|Win32
		{678D560A-5987-40BD-BF03-B93ED716130D}.Debug|Win32.Build.0 = Debug|Win32
		{678D560A-5987-40BD-BF03-B93ED716130D}.Release|Win32.ActiveCfg = Release|Win32
		{678D560A-5987-40BD-BF03-B93ED716130D}.Release|Win32.Build.0 = Release|Win32
		{A62C921E-AC7E-42AF-A948-F5CFC161F1F0}.Debug|Win32.ActiveCfg = Debug|Win32
		{A62C921E-AC7E-42AF-A948-F5CFC161F1F0}.Debug|Win32.Build.0 = Debug|Win32
		{A62C921E-AC7E-42AF-A948-F5CFC161F1F0}.Release|Win32.ActiveCfg = Release|Win32
		{A62C921E-AC7E-42AF-A948-F5CFC161F1F0}.Release|Win32.Build.0 = Release|Win32
		{533C1BF8-98BB-49C3-8034-8814456DDE47}.Debug|Win32.ActiveCfg = Debug|Win32
		{533C1BF8-98BB-49C3-8034-8814456DDE47}.Debug|Win32.Build.0 = Debug|Win32
		{533C1BF8-98BB-49C3-8034-8814456DDE47}.Release|Win32.ActiveCfg = Release|Win32
		{533C1BF8-98BB-49C3-8034-8814456DDE47}.Release|Win32.Build.0 = Release|Win32
		{4898C3A4-AC65-4E73-9218-81B011F8B78B}.Debug|Win32.ActiveCfg = Debug|Win32
		{4898C3A4-AC65-4E73-9218-81B011F8B78B}.Debug|Win32.Build.0 = Debug|Win32
		{4898C3A4-AC65-4E73-9218-81B011F8B78B}.Release|Win32.ActiveCfg = Release|Win32
		{4898C3A4-AC65-4E73-9218-81B011F8B78B}.Release|Win32.Build.0 = Release|Win32
		{E41651EC-F002-4899-B2BA-717300BF024D}.Debug|Win32.ActiveCfg = Debug|Win32
		{E41651EC-F002-4899-B2BA-717300BF024D}.Debug|Win32.Build.0 = Debug|Win32
		{E41651EC-F002-4899-B2BA-717300BF024D}.Release|Win32.ActiveCfg = Release|Win32
		{E41651EC-F002-4899-B2BA-717300BF024D}.Release|Win32.Build.0 = Release|Win32
		{00790645-A49F-4FF6-973D-6374458F3AC9}.Debug|Win32.ActiveCfg = Debug|Win32
		{00790645-A49F-4FF6-973D-6374458F3AC9}.Debug|Win32.Build.0 = Debug|Win32
		{00790645-A49F-4FF6-973D-6374458F3AC9}.Release|Win32.ActiveCfg = Release|Win32
		{00790645-A49F-4FF6-973D-6374458F3AC9}.Release|Win32.Build.0 = Release|Win32
		{54CFFD55-5E4B-46BE-8D2A-15A02A241CB7}.Debug|Win32.ActiveCfg = Debug|Win32
		{54CFFD55-5E4B-46BE-8D2A-15A02A241CB7}.Debug|Win32.Build.0 = Debug|Win32
		{54CFFD55-5E4B-46BE-8D2A-15A02A241CB7}.Release|Win32.ActiveCfg = Release|Win32
		{54CFFD55-5E4B-46BE-8D2A-15A02A241CB7}.Release|Win32.Build.0 = Release|Win32
		{83C9A79D-0D35-4463-BD82-14B874C4A45D}.Debug|Win32.ActiveCfg = Debug|Win32
		{83C9A79D-0D35-4463-BD82-14B874C4A45D}.Debug|Win32.Build.0 = Debug|Win32
		{83C9A79D-0D35-4463-BD82-14B874C4A45D}.Release|Win32.ActiveCfg = Release|Win32
		{83C9A79D-0D35-4463-BD82-14B874C4A45D}.Release|Win32.Build.0 = Release|Win32
		{6086CC55-9DB1-41F2-BE83-39B2FFF864AE}.Debug|Win32.ActiveCfg = Debug|Win32
		{6086CC55-9DB1-41F2-BE83-39B2FFF864AE}.Debug|Win32.Build.0 = Debug|Win32
		{6086CC55-9DB1-41F2-BE83-39B2FFF864AE}.Release|Win32.ActiveCfg = Release|Win32
		{6086CC55-9DB1-41F2-BE83-39B2FFF864AE}.Release|Win32.Build.0 = Release|Win32
	EndGlobalSection
	GlobalSection(SolutionProperties) = preSolution
		HideSolutionNode = FALSE
	EndGlobalSection
	GlobalSection(NestedProjects) = preSolution
		{BB6C350B-1CA7-4B80-B5C5-3F7BF36F2A08} = {A19BF861-8908-4277-A8BE-784B9D26011C}
		{18F064A6-DF5F-4E6B-8A98-21C508CA982C} = {869E478E-5F6F-40BF-AA03-4AAF34640B98}
		{3D5ACF3F-CCD8-486C-A778-6D7EDA99F5A3} = {869E478E-5F6F-40BF-AA03-4AAF34640B98}
		{48C9F6A9-E4AC-4630-8B29-0AD9778C366C} = {869E478E-5F6F-40BF-AA03-4AAF34640B98}
		{E672A56B-AB23-4138-829D-AA792618B994} = {869E478E-5F6F-40BF-AA03-4AAF34640B98}
		{74E33448-9886-41D5-809F-678C8DF5E5B5} = {869E478E-5F6F-40BF-AA03-4AAF34640B98}
		{81874A1D-24AD-4F8B-9BED-4DFC0D372602} = {869E478E-5F6F-40BF-AA03-4AAF34640B98}
		{F1EC01C7-C056-410B-A564-777D73A9AEE8} = {869E478E-5F6F-40BF-AA03-4AAF34640B98}
		{6CCC4E7C-C347-46B4-8C85-934E7282CA62} = {869E478E-5F6F-40BF-AA03-4AAF34640B98}
		{A476E9FA-45BD-4C0B-8B8D-81598959140A} = {869E478E-5F6F-40BF-AA03-4AAF34640B98}
		{6C7C5D71-217A-417A-9B1D-FA9876454A5B} = {869E478E-5F6F-40BF-AA03-4AAF34640B98}
		{AF25C1FE-B9AE-49CC-87D1-6A10EBFE4519} = {869E478E-5F6F-40BF-AA03-4AAF34640B98}
		{678D560A-5987-40BD-BF03-B93ED716130D} = {869E478E-5F6F-40BF-AA03-4AAF34640B98}
		{A62C921E-AC7E-42AF-A948-F5CFC161F1F0} = {869E478E-5F6F-40BF-AA03-4AAF34640B98}
		{533C1BF8-98BB-49C3-8034-8814456DDE47} = {869E478E-5F6F-40BF-AA03-4AAF34640B98}
		{4898C3A4-AC65-4E73-9218-81B011F8B78B} = {869E478E-5F6F-40BF-AA03-4AAF34640B98}
		{E41651EC-F002-4899-B2BA-717300BF024D} = {869E478E-5F6F-40BF-AA03-4AAF34640B98}
		{00790645-A49F-4FF6-973D-6374458F3AC9} = {869E478E-5F6F-40BF-AA03-4AAF34640B98}
		{54CFFD55-5E4B-46BE-8D2A-15A02A241CB7} = {869E478E-5F6F-40BF-AA03-4AAF34640B98}
		{83C9A79D-0D35-4463-BD82-14B874C4A45D} = {869E478E-5F6F-40BF-AA03-4AAF34640B98}
		{6086CC55-9DB1-41F2-BE83-39B2FFF864AE} = {869E478E-5F6F-40BF-AA03-4AAF34640B98}
	EndGlobalSection
EndGlobal
